<?xml version="1.0" encoding="utf-8"?>
<Project ToolsVersion="4.0" xmlns="http://schemas.microsoft.com/developer/msbuild/2003">
  <ItemGroup>
    <Filter Include="Source Files">
      <UniqueIdentifier>{4FC737F1-C7A5-4376-A066-2A32D752A2FF}</UniqueIdentifier>
      <Extensions>cpp;c;cc;cxx;c++;cppm;ixx;def;odl;idl;hpj;bat;asm;asmx</Extensions>
    </Filter>
    <Filter Include="Header Files">
      <UniqueIdentifier>{93995380-89BD-4b04-88EB-625FBE52EBFB}</UniqueIdentifier>
      <Extensions>h;hh;hpp;hxx;h++;hm;inl;inc;ipp;xsd</Extensions>
    </Filter>
    <Filter Include="Resource Files">
      <UniqueIdentifier>{67DA6AB6-F800-4c08-8B7A-83BB121AAD01}</UniqueIdentifier>
      <Extensions>rc;ico;cur;bmp;dlg;rc2;rct;bin;rgs;gif;jpg;jpeg;jpe;resx;tiff;tif;png;wav;mfcribbon-ms</Extensions>
    </Filter>
    <Filter Include="Header Files\Projectiles">
      <UniqueIdentifier>{ab756f2d-3fca-4286-adf5-3cd5b2e6712d}</UniqueIdentifier>
    </Filter>
    <Filter Include="Source Files\Projectiles">
      <UniqueIdentifier>{df72381f-766a-4e3e-8f3d-64c33047e1b9}</UniqueIdentifier>
    </Filter>
    <Filter Include="Header Files\Units">
      <UniqueIdentifier>{58da54e2-ccb2-47b0-aaff-091deffad8ea}</UniqueIdentifier>
    </Filter>
    <Filter Include="Source Files\Units">
      <UniqueIdentifier>{d93b80eb-e73e-4459-823c-05854f6e62fe}</UniqueIdentifier>
    </Filter>
    <Filter Include="Source Files\Buildings">
      <UniqueIdentifier>{91d424ce-6960-4953-bfa6-f230dbb70fee}</UniqueIdentifier>
    </Filter>
    <Filter Include="Header Files\Buildings">
      <UniqueIdentifier>{8d01a496-2e6a-4e0f-9f18-009318c17349}</UniqueIdentifier>
    </Filter>
    <Filter Include="Source Files\MovementSystems">
      <UniqueIdentifier>{aa82611b-2c63-4dc2-ac71-8cb9d167f71b}</UniqueIdentifier>
    </Filter>
    <Filter Include="Header Files\MovementSystems">
      <UniqueIdentifier>{0b274ace-d3d8-4893-b561-11f32fb12298}</UniqueIdentifier>
    </Filter>
    <Filter Include="Header Files\Texture">
      <UniqueIdentifier>{a8cddb99-34c4-4c56-905c-514f0d10e2c3}</UniqueIdentifier>
    </Filter>
    <Filter Include="Source Files\Texture">
      <UniqueIdentifier>{da75e405-89e1-41ad-8a0c-8ff3e4ce667f}</UniqueIdentifier>
    </Filter>
  </ItemGroup>
  <ItemGroup>
    <ClCompile Include="main.cpp">
      <Filter>Source Files</Filter>
    </ClCompile>
    <ClCompile Include="Game.cpp">
      <Filter>Source Files</Filter>
    </ClCompile>
    <ClCompile Include="SelectorTool.cpp">
      <Filter>Source Files</Filter>
    </ClCompile>
    <ClCompile Include="Mouse.cpp">
      <Filter>Source Files</Filter>
    </ClCompile>
    <ClCompile Include="UnitHandler.cpp">
      <Filter>Source Files</Filter>
    </ClCompile>
    <ClCompile Include="PlaceMarkers.cpp">
      <Filter>Source Files</Filter>
    </ClCompile>
    <ClCompile Include="UnitGroup.cpp">
      <Filter>Source Files</Filter>
    </ClCompile>
    <ClCompile Include="RayCasting.cpp">
      <Filter>Source Files</Filter>
    </ClCompile>
    <ClCompile Include="CombatHandler.cpp">
      <Filter>Source Files</Filter>
    </ClCompile>
    <ClCompile Include="Projectile.cpp">
      <Filter>Source Files\Projectiles</Filter>
    </ClCompile>
    <ClCompile Include="Soldier.cpp">
      <Filter>Source Files\Units</Filter>
    </ClCompile>
    <ClCompile Include="Units.cpp">
      <Filter>Source Files\Units</Filter>
    </ClCompile>
    <ClCompile Include="Soldier_Bullet.cpp">
      <Filter>Source Files\Projectiles</Filter>
    </ClCompile>
    <ClCompile Include="UnitStats.cpp">
      <Filter>Source Files\Units</Filter>
    </ClCompile>
    <ClCompile Include="Spawner.cpp">
      <Filter>Source Files\Buildings</Filter>
    </ClCompile>
    <ClCompile Include="Buildings.cpp">
      <Filter>Source Files\Buildings</Filter>
    </ClCompile>
    <ClCompile Include="Astar.cpp">
      <Filter>Source Files\MovementSystems</Filter>
    </ClCompile>
    <ClCompile Include="AstarMovement.cpp">
      <Filter>Source Files\MovementSystems</Filter>
    </ClCompile>
    <ClCompile Include="FlowField.cpp">
      <Filter>Source Files\MovementSystems</Filter>
    </ClCompile>
    <ClCompile Include="FlowfieldMovement.cpp">
      <Filter>Source Files\MovementSystems</Filter>
    </ClCompile>
    <ClCompile Include="MovementManager.cpp">
      <Filter>Source Files\MovementSystems</Filter>
    </ClCompile>
    <ClCompile Include="Cell.cpp">
      <Filter>Source Files\MovementSystems</Filter>
    </ClCompile>
    <ClCompile Include="UnitUI.cpp">
      <Filter>Source Files</Filter>
    </ClCompile>
    <ClCompile Include="HealthBars.cpp">
      <Filter>Source Files</Filter>
    </ClCompile>
    <ClCompile Include="BuildingManager.cpp">
      <Filter>Source Files</Filter>
    </ClCompile>
    <ClCompile Include="Turret.cpp">
      <Filter>Source Files\Buildings</Filter>
    </ClCompile>
    <ClCompile Include="Turret_Bullet.cpp">
      <Filter>Source Files\Projectiles</Filter>
    </ClCompile>
    <ClCompile Include="TileMap.cpp">
      <Filter>Source Files\Texture</Filter>
    </ClCompile>
    <ClCompile Include="Orc.cpp">
      <Filter>Source Files\Units</Filter>
    </ClCompile>
    <ClCompile Include="Soldier_Building.cpp">
      <Filter>Source Files\Buildings</Filter>
    </ClCompile>
    <ClCompile Include="Orc_Building.cpp">
      <Filter>Source Files\Buildings</Filter>
    </ClCompile>
  </ItemGroup>
  <ItemGroup>
    <ClInclude Include="Game.h">
      <Filter>Header Files</Filter>
    </ClInclude>
    <ClInclude Include="SelectorTool.h">
      <Filter>Header Files</Filter>
    </ClInclude>
    <ClInclude Include="Mouse.h">
      <Filter>Header Files</Filter>
    </ClInclude>
    <ClInclude Include="UnitHandler.h">
      <Filter>Header Files</Filter>
    </ClInclude>
    <ClInclude Include="PlaceMarkers.h">
      <Filter>Header Files</Filter>
    </ClInclude>
    <ClInclude Include="UnitGroup.h">
      <Filter>Header Files</Filter>
    </ClInclude>
    <ClInclude Include="RayCasting.h">
      <Filter>Header Files</Filter>
    </ClInclude>
    <ClInclude Include="CombatHandler.h">
      <Filter>Header Files</Filter>
    </ClInclude>
    <ClInclude Include="Projectile.h">
      <Filter>Header Files\Projectiles</Filter>
    </ClInclude>
    <ClInclude Include="Units.h">
      <Filter>Header Files\Units</Filter>
    </ClInclude>
    <ClInclude Include="UnitStats.h">
      <Filter>Header Files\Units</Filter>
    </ClInclude>
    <ClInclude Include="Soldier.h">
      <Filter>Header Files\Units</Filter>
    </ClInclude>
    <ClInclude Include="Soldier_Bullet.h">
      <Filter>Header Files\Projectiles</Filter>
    </ClInclude>
    <ClInclude Include="Spawner.h">
      <Filter>Header Files\Buildings</Filter>
    </ClInclude>
    <ClInclude Include="Buildings.h">
      <Filter>Header Files\Buildings</Filter>
    </ClInclude>
    <ClInclude Include="FlowfieldMovement.h">
      <Filter>Header Files\MovementSystems</Filter>
    </ClInclude>
    <ClInclude Include="FlowField.h">
      <Filter>Header Files\MovementSystems</Filter>
    </ClInclude>
    <ClInclude Include="AstarMovement.h">
      <Filter>Header Files\MovementSystems</Filter>
    </ClInclude>
    <ClInclude Include="Astar.h">
      <Filter>Header Files\MovementSystems</Filter>
    </ClInclude>
    <ClInclude Include="MovementManager.h">
      <Filter>Header Files\MovementSystems</Filter>
    </ClInclude>
    <ClInclude Include="Cell.h">
      <Filter>Header Files\MovementSystems</Filter>
    </ClInclude>
    <ClInclude Include="UnitUI.h">
      <Filter>Header Files</Filter>
    </ClInclude>
    <ClInclude Include="HealthBars.h">
      <Filter>Header Files</Filter>
    </ClInclude>
    <ClInclude Include="BuildingManager.h">
      <Filter>Header Files</Filter>
    </ClInclude>
    <ClInclude Include="Turret.h">
      <Filter>Header Files\Buildings</Filter>
    </ClInclude>
    <ClInclude Include="Turret_Bullet.h">
      <Filter>Header Files\Projectiles</Filter>
    </ClInclude>
    <ClInclude Include="TileMap.h">
      <Filter>Header Files\Texture</Filter>
    </ClInclude>
    <ClInclude Include="Orc.h">
      <Filter>Header Files\Units</Filter>
    </ClInclude>
    <ClInclude Include="Soldier_Building.h">
      <Filter>Header Files\Buildings</Filter>
    </ClInclude>
    <ClInclude Include="Orc_Building.h">
      <Filter>Header Files\Buildings</Filter>
    </ClInclude>
  </ItemGroup>
</Project>